
Microsoft Visual Studio Solution File, Format Version 12.00
# Visual Studio Version 17
VisualStudioVersion = 17.5.33530.505
MinimumVisualStudioVersion = 10.0.40219.1
Project("{8BC9CEB8-8B4A-11D0-8D11-00A0C91BC942}") = "Leet20", "Leet20.vcxproj", "{DA5A9E1E-3F87-4EBF-9700-D708045C1FEC}"
EndProject
Global
	GlobalSection(SolutionConfigurationPlatforms) = preSolution
		Debug|x64 = Debug|x64
		Debug|x86 = Debug|x86
		Release|x64 = Release|x64
		Release|x86 = Release|x86
	EndGlobalSection
	GlobalSection(ProjectConfigurationPlatforms) = postSolution
		{DA5A9E1E-3F87-4EBF-9700-D708045C1FEC}.Debug|x64.ActiveCfg = Debug|x64
		{DA5A9E1E-3F87-4EBF-9700-D708045C1FEC}.Debug|x64.Build.0 = Debug|x64
		{DA5A9E1E-3F87-4EBF-9700-D708045C1FEC}.Debug|x86.ActiveCfg = Debug|Win32
		{DA5A9E1E-3F87-4EBF-9700-D708045C1FEC}.Debug|x86.Build.0 = Debug|Win32
		{DA5A9E1E-3F87-4EBF-9700-D708045C1FEC}.Release|x64.ActiveCfg = Release|x64
		{DA5A9E1E-3F87-4EBF-9700-D708045C1FEC}.Release|x64.Build.0 = Release|x64
		{DA5A9E1E-3F87-4EBF-9700-D708045C1FEC}.Release|x86.ActiveCfg = Release|Win32
		{DA5A9E1E-3F87-4EBF-9700-D708045C1FEC}.Release|x86.Build.0 = Release|Win32
	EndGlobalSection
	GlobalSection(SolutionProperties) = preSolution
		HideSolutionNode = FALSE
	EndGlobalSection
	GlobalSection(ExtensibilityGlobals) = postSolution
		SolutionGuid = {73BE01EA-0030-4CD7-BB24-51A6274DE4A4}
	EndGlobalSection
EndGlobal
