
Microsoft Visual Studio Solution File, Format Version 12.00
# Visual Studio Version 17
VisualStudioVersion = 17.5.33530.505
MinimumVisualStudioVersion = 10.0.40219.1
Project("{888888A0-9F3D-457C-B088-3A5042F75D52}") = "Leet443", "Leet443.pyproj", "{460015EE-783D-4E45-9447-FCEF83E228AF}"
EndProject
Global
	GlobalSection(SolutionConfigurationPlatforms) = preSolution
		Debug|Any CPU = Debug|Any CPU
		Release|Any CPU = Release|Any CPU
	EndGlobalSection
	GlobalSection(ProjectConfigurationPlatforms) = postSolution
		{460015EE-783D-4E45-9447-FCEF83E228AF}.Debug|Any CPU.ActiveCfg = Debug|Any CPU
		{460015EE-783D-4E45-9447-FCEF83E228AF}.Release|Any CPU.ActiveCfg = Release|Any CPU
	EndGlobalSection
	GlobalSection(SolutionProperties) = preSolution
		HideSolutionNode = FALSE
	EndGlobalSection
	GlobalSection(ExtensibilityGlobals) = postSolution
		SolutionGuid = {E161A248-2815-4D7B-A455-3F63BF27AF36}
	EndGlobalSection
EndGlobal
